Microsoft Visual Studio Solution File, Format Version 11.00
# Visual Studio 2010
Project("{FAE04EC0-301F-11D3-BF4B-00C04F79EFBC}") = "Assembly-CSharp", "Assembly-CSharp.csproj", "{D1C6B970-FF4F-C82F-4C91-F628BA449197}"
EndProject
Project("{FAE04EC0-301F-11D3-BF4B-00C04F79EFBC}") = "Assembly-CSharp-Editor", "Assembly-CSharp-Editor.csproj", "{19DA2DF6-4905-F706-F881-DB2C29F43485}"
EndProject
Global
	GlobalSection(SolutionConfigurationPlatforms) = preSolution
		Debug|Any CPU = Debug|Any CPU
		Release|Any CPU = Release|Any CPU
	EndGlobalSection
	GlobalSection(ProjectConfigurationPlatforms) = postSolution
		{D1C6B970-FF4F-C82F-4C91-F628BA449197}.Debug|Any CPU.ActiveCfg = Debug|Any CPU
		{D1C6B970-FF4F-C82F-4C91-F628BA449197}.Debug|Any CPU.Build.0 = Debug|Any CPU
		{D1C6B970-FF4F-C82F-4C91-F628BA449197}.Release|Any CPU.ActiveCfg = Release|Any CPU
		{D1C6B970-FF4F-C82F-4C91-F628BA449197}.Release|Any CPU.Build.0 = Release|Any CPU
		{19DA2DF6-4905-F706-F881-DB2C29F43485}.Debug|Any CPU.ActiveCfg = Debug|Any CPU
		{19DA2DF6-4905-F706-F881-DB2C29F43485}.Debug|Any CPU.Build.0 = Debug|Any CPU
		{19DA2DF6-4905-F706-F881-DB2C29F43485}.Release|Any CPU.ActiveCfg = Release|Any CPU
		{19DA2DF6-4905-F706-F881-DB2C29F43485}.Release|Any CPU.Build.0 = Release|Any CPU
	EndGlobalSection
	GlobalSection(SolutionProperties) = preSolution
		HideSolutionNode = FALSE
	EndGlobalSection
EndGlobal
